{
	"name": "file-upload",
	"version": "0.0.1",
	"lockfileVersion": 1,
	"requires": true,
	"dependencies": {
		"accepts": {
			"version": "1.2.13",
			"resolved": "https://registry.npmjs.org/accepts/-/accepts-1.2.13.tgz",
			"integrity": "sha512-R190A3EzrS4huFOVZajhXCYZt5p5yrkaQOB4nsWzfth0cYaDcSN5J86l58FJ1dt7igp37fB/QhnuFkGAJmr+eg==",
			"requires": {
				"mime-types": "~2.1.6",
				"negotiator": "0.5.3"
			}
		},
		"array-flatten": {
			"version": "1.1.1",
			"resolved": "https://registry.npmjs.org/array-flatten/-/array-flatten-1.1.1.tgz",
			"integrity": "sha512-PCVAQswWemu6UdxsDFFX/+gVeYqKAod3D3UVm91jHwynguOwAvYPhx8nNlM++NqRcK6CxxpUafjmhIdKiHibqg=="
		},
		"base64-url": {
			"version": "1.2.1",
			"resolved": "https://registry.npmjs.org/base64-url/-/base64-url-1.2.1.tgz",
			"integrity": "sha512-V8E0l1jyyeSSS9R+J9oljx5eq2rqzClInuwaPcyuv0Mm3ViI/3/rcc4rCEO8i4eQ4I0O0FAGYDA2i5xWHHPhzg=="
		},
		"basic-auth": {
			"version": "2.0.1",
			"resolved": "https://registry.npmjs.org/basic-auth/-/basic-auth-2.0.1.tgz",
			"integrity": "sha512-NF+epuEdnUYVlGuhaxbbq+dvJttwLnGY+YixlXlME5KpQ5W3CnXA5cVTneY3SPbPDRkcjMbifrwmFYcClgOZeg==",
			"requires": {
				"safe-buffer": "5.1.2"
			}
		},
		"basic-auth-connect": {
			"version": "1.0.0",
			"resolved": "https://registry.npmjs.org/basic-auth-connect/-/basic-auth-connect-1.0.0.tgz",
			"integrity": "sha512-kiV+/DTgVro4aZifY/hwRwALBISViL5NP4aReaR2EVJEObpbUBHIkdJh/YpcoEiYt7nBodZ6U2ajZeZvSxUCCg=="
		},
		"batch": {
			"version": "0.5.3",
			"resolved": "https://registry.npmjs.org/batch/-/batch-0.5.3.tgz",
			"integrity": "sha512-aQgHPLH2DHpFTpBl5/GiVdNzHEqsLCSs1RiPvqkKP1+7RkNJlv71kL8/KXmvvaLqoZ7ylmvqkZhLjjAoRz8Xgw=="
		},
		"body-parser": {
			"version": "1.20.1",
			"resolved": "https://registry.npmjs.org/body-parser/-/body-parser-1.20.1.tgz",
			"integrity": "sha512-jWi7abTbYwajOytWCQc37VulmWiRae5RyTpaCyDcS5/lMdtwSz5lOpDE67srw/HYe35f1z3fDQw+3txg7gNtWw==",
			"requires": {
				"bytes": "3.1.2",
				"content-type": "~1.0.4",
				"debug": "2.6.9",
				"depd": "2.0.0",
				"destroy": "1.2.0",
				"http-errors": "2.0.0",
				"iconv-lite": "0.4.24",
				"on-finished": "2.4.1",
				"qs": "6.11.0",
				"raw-body": "2.5.1",
				"type-is": "~1.6.18",
				"unpipe": "1.0.0"
			},
			"dependencies": {
				"depd": {
					"version": "2.0.0",
					"resolved": "https://registry.npmjs.org/depd/-/depd-2.0.0.tgz",
					"integrity": "sha512-g7nH6P6dyDioJogAAGprGpCtVImJhpPk/roCzdb3fIh61/s/nPsfR6onyMwkCAR/OlC3yBC0lESvUoQEAssIrw=="
				},
				"on-finished": {
					"version": "2.4.1",
					"resolved": "https://registry.npmjs.org/on-finished/-/on-finished-2.4.1.tgz",
					"integrity": "sha512-oVlzkg3ENAhCk2zdv7IJwd/QUD4z2RxRwpkcGY8psCVcCYZNq4wYnVWALHM+brtuJjePWiYF/ClmuDr8Ch5+kg==",
					"requires": {
						"ee-first": "1.1.1"
					}
				}
			}
		},
		"bytes": {
			"version": "3.1.2",
			"resolved": "https://registry.npmjs.org/bytes/-/bytes-3.1.2.tgz",
			"integrity": "sha512-/Nf7TyzTx6S3yRJObOAV7956r8cr2+Oj8AC5dt8wSP3BQAoeX58NoHyCU8P8zGkNXStjTSi6fzO6F0pBdcYbEg=="
		},
		"call-bind": {
			"version": "1.0.2",
			"resolved": "https://registry.npmjs.org/call-bind/-/call-bind-1.0.2.tgz",
			"integrity": "sha512-7O+FbCihrB5WGbFYesctwmTKae6rOiIzmz1icreWJ+0aA7LJfuqhEso2T9ncpcFtzMQtzXf2QGGueWJGTYsqrA==",
			"requires": {
				"function-bind": "^1.1.1",
				"get-intrinsic": "^1.0.2"
			}
		},
		"compressible": {
			"version": "2.0.18",
			"resolved": "https://registry.npmjs.org/compressible/-/compressible-2.0.18.tgz",
			"integrity": "sha512-AF3r7P5dWxL8MxyITRMlORQNaOA2IkAFaTr4k7BUumjPtRpGDTZpl0Pb1XCO6JeDCBdp126Cgs9sMxqSjgYyRg==",
			"requires": {
				"mime-db": ">= 1.43.0 < 2"
			}
		},
		"compression": {
			"version": "1.5.2",
			"resolved": "https://registry.npmjs.org/compression/-/compression-1.5.2.tgz",
			"integrity": "sha512-+2fE8M8+Oe0kAlbMPz6UinaaH/HaGf+c5HlWRyYtPga/PHKxStJJKTU4xca8StY0JQ78L2kJaslpgSzCKgHaxQ==",
			"requires": {
				"accepts": "~1.2.12",
				"bytes": "2.1.0",
				"compressible": "~2.0.5",
				"debug": "~2.2.0",
				"on-headers": "~1.0.0",
				"vary": "~1.0.1"
			},
			"dependencies": {
				"bytes": {
					"version": "2.1.0",
					"resolved": "https://registry.npmjs.org/bytes/-/bytes-2.1.0.tgz",
					"integrity": "sha512-k9VSlRfRi5JYyQWMylSOgjld96ta1qaQUIvmn+na0BzViclH04PBumewv4z5aeXNkn6Z/gAN5FtPeBLvV20F9w=="
				},
				"debug": {
					"version": "2.2.0",
					"resolved": "https://registry.npmjs.org/debug/-/debug-2.2.0.tgz",
					"integrity": "sha512-X0rGvJcskG1c3TgSCPqHJ0XJgwlcvOC7elJ5Y0hYuKBZoVqWpAMfLOeIh2UI/DCQ5ruodIjvsugZtjUYUw2pUw==",
					"requires": {
						"ms": "0.7.1"
					}
				},
				"ms": {
					"version": "0.7.1",
					"resolved": "https://registry.npmjs.org/ms/-/ms-0.7.1.tgz",
					"integrity": "sha512-lRLiIR9fSNpnP6TC4v8+4OU7oStC01esuNowdQ34L+Gk8e5Puoc88IqJ+XAY/B3Mn2ZKis8l8HX90oU8ivzUHg=="
				}
			}
		},
		"connect": {
			"version": "2.30.2",
			"resolved": "https://registry.npmjs.org/connect/-/connect-2.30.2.tgz",
			"integrity": "sha512-eY4YHls5bz/g6h9Q8B/aVkS6D7+TRiRlI3ksuruv3yc2rLbTG7HB/7T/CoZsuVH5e2i3S9J+2eARV5o7GIYq8Q==",
			"requires": {
				"basic-auth-connect": "1.0.0",
				"body-parser": "~1.13.3",
				"bytes": "2.1.0",
				"compression": "~1.5.2",
				"connect-timeout": "~1.6.2",
				"content-type": "~1.0.1",
				"cookie": "0.1.3",
				"cookie-parser": "~1.3.5",
				"cookie-signature": "1.0.6",
				"csurf": "~1.8.3",
				"debug": "~2.2.0",
				"depd": "~1.0.1",
				"errorhandler": "~1.4.2",
				"express-session": "~1.11.3",
				"finalhandler": "0.4.0",
				"fresh": "0.3.0",
				"http-errors": "~1.3.1",
				"method-override": "~2.3.5",
				"morgan": "~1.6.1",
				"multiparty": "3.3.2",
				"on-headers": "~1.0.0",
				"parseurl": "~1.3.0",
				"pause": "0.1.0",
				"qs": "4.0.0",
				"response-time": "~2.3.1",
				"serve-favicon": "~2.3.0",
				"serve-index": "~1.7.2",
				"serve-static": "~1.10.0",
				"type-is": "~1.6.6",
				"utils-merge": "1.0.0",
				"vhost": "~3.0.1"
			},
			"dependencies": {
				"basic-auth": {
					"version": "1.0.4",
					"resolved": "https://registry.npmjs.org/basic-auth/-/basic-auth-1.0.4.tgz",
					"integrity": "sha512-uvq3I/zC5TmG0WZJDzsXzIytU9GiiSq23Gl27Dq9sV81JTfPfQhtdADECP1DJZeJoZPuYU0Y81hWC5y/dOR+Yw=="
				},
				"body-parser": {
					"version": "1.13.3",
					"resolved": "https://registry.npmjs.org/body-parser/-/body-parser-1.13.3.tgz",
					"integrity": "sha512-ypX8/9uws2W+CjPp3QMmz1qklzlhRBknQve22Y+WFecHql+qDFfG+VVNX7sooA4Q3+2fdq4ZZj6Xr07gA90RZg==",
					"requires": {
						"bytes": "2.1.0",
						"content-type": "~1.0.1",
						"debug": "~2.2.0",
						"depd": "~1.0.1",
						"http-errors": "~1.3.1",
						"iconv-lite": "0.4.11",
						"on-finished": "~2.3.0",
						"qs": "4.0.0",
						"raw-body": "~2.1.2",
						"type-is": "~1.6.6"
					}
				},
				"bytes": {
					"version": "2.1.0",
					"resolved": "https://registry.npmjs.org/bytes/-/bytes-2.1.0.tgz",
					"integrity": "sha512-k9VSlRfRi5JYyQWMylSOgjld96ta1qaQUIvmn+na0BzViclH04PBumewv4z5aeXNkn6Z/gAN5FtPeBLvV20F9w=="
				},
				"cookie-parser": {
					"version": "1.3.5",
					"resolved": "https://registry.npmjs.org/cookie-parser/-/cookie-parser-1.3.5.tgz",
					"integrity": "sha512-YN/8nzPcK5o6Op4MIzAd4H4qUal5+3UaMhVIeaafFYL0pKvBQA/9Yhzo7ZwvBpjdGshsiTAb1+FC37M6RdPDFg==",
					"requires": {
						"cookie": "0.1.3",
						"cookie-signature": "1.0.6"
					}
				},
				"debug": {
					"version": "2.2.0",
					"resolved": "https://registry.npmjs.org/debug/-/debug-2.2.0.tgz",
					"integrity": "sha512-X0rGvJcskG1c3TgSCPqHJ0XJgwlcvOC7elJ5Y0hYuKBZoVqWpAMfLOeIh2UI/DCQ5ruodIjvsugZtjUYUw2pUw==",
					"requires": {
						"ms": "0.7.1"
					}
				},
				"depd": {
					"version": "1.0.1",
					"resolved": "https://registry.npmjs.org/depd/-/depd-1.0.1.tgz",
					"integrity": "sha512-OEWAMbCkK9IWQ8pfTvHBhCSqHgR+sk5pbiYqq0FqfARG4Cy+cRsCbITx6wh5pcsmfBPiJAcbd98tfdz5fnBbag=="
				},
				"http-errors": {
					"version": "1.3.1",
					"resolved": "https://registry.npmjs.org/http-errors/-/http-errors-1.3.1.tgz",
					"integrity": "sha512-gMygNskMurDCWfoCdyh1gOeDfSbkAHXqz94QoPj5IHIUjC/BG8/xv7FSEUr7waR5RcAya4j58bft9Wu/wHNeXA==",
					"requires": {
						"inherits": "~2.0.1",
						"statuses": "1"
					}
				},
				"iconv-lite": {
					"version": "0.4.11",
					"resolved": "https://registry.npmjs.org/iconv-lite/-/iconv-lite-0.4.11.tgz",
					"integrity": "sha512-8UmnaYeP5puk18SkBrYULVTiq7REcimhx+ykJVJBiaz89DQmVQAfS29ZhHah86la90/t0xy4vRk86/2cCwNodA=="
				},
				"morgan": {
					"version": "1.6.1",
					"resolved": "https://registry.npmjs.org/morgan/-/morgan-1.6.1.tgz",
					"integrity": "sha512-WWxlTx5xCqbtSeX/gPVHUZBhAhSMfYQLgPrWHEN0FYnF+zf1Ju/Zct6rpeKmvzibrYF4QvFVws7IN61BxnKu+Q==",
					"requires": {
						"basic-auth": "~1.0.3",
						"debug": "~2.2.0",
						"depd": "~1.0.1",
						"on-finished": "~2.3.0",
						"on-headers": "~1.0.0"
					}
				},
				"ms": {
					"version": "0.7.1",
					"resolved": "https://registry.npmjs.org/ms/-/ms-0.7.1.tgz",
					"integrity": "sha512-lRLiIR9fSNpnP6TC4v8+4OU7oStC01esuNowdQ34L+Gk8e5Puoc88IqJ+XAY/B3Mn2ZKis8l8HX90oU8ivzUHg=="
				},
				"qs": {
					"version": "4.0.0",
					"resolved": "https://registry.npmjs.org/qs/-/qs-4.0.0.tgz",
					"integrity": "sha512-8MPmJ83uBOPsQj5tQCv4g04/nTiY+d17yl9o3Bw73vC6XlEm2POIRRlOgWJ8i74bkGLII670cDJJZkgiZ2sIkg=="
				},
				"raw-body": {
					"version": "2.1.7",
					"resolved": "https://registry.npmjs.org/raw-body/-/raw-body-2.1.7.tgz",
					"integrity": "sha512-x4d27vsIG04gZ1imkuDXB9Rd/EkAx5kYzeMijIYw1PAor0Ld3nTlkQQwDjKu42GdRUFCX1AfGnTSQB4O57eWVg==",
					"requires": {
						"bytes": "2.4.0",
						"iconv-lite": "0.4.13",
						"unpipe": "1.0.0"
					},
					"dependencies": {
						"bytes": {
							"version": "2.4.0",
							"resolved": "https://registry.npmjs.org/bytes/-/bytes-2.4.0.tgz",
							"integrity": "sha512-SvUX8+c/Ga454a4fprIdIUzUN9xfd1YTvYh7ub5ZPJ+ZJ/+K2Bp6IpWGmnw8r3caLTsmhvJAKZz3qjIo9+XuCQ=="
						},
						"iconv-lite": {
							"version": "0.4.13",
							"resolved": "https://registry.npmjs.org/iconv-lite/-/iconv-lite-0.4.13.tgz",
							"integrity": "sha512-QwVuTNQv7tXC5mMWFX5N5wGjmybjNBBD8P3BReTkPmipoxTUFgWM2gXNvldHQr6T14DH0Dh6qBVg98iJt7u4mQ=="
						}
					}
				},
				"statuses": {
					"version": "1.5.0",
					"resolved": "https://registry.npmjs.org/statuses/-/statuses-1.5.0.tgz",
					"integrity": "sha512-OpZ3zP+jT1PI7I8nemJX4AKmAX070ZkYPVWV/AaKTJl+tXCTGyVdC1a4SL8RUQYEwk/f34ZX8UTykN68FwrqAA=="
				}
			}
		},
		"connect-timeout": {
			"version": "1.6.2",
			"resolved": "https://registry.npmjs.org/connect-timeout/-/connect-timeout-1.6.2.tgz",
			"integrity": "sha512-qIFt3Ja6gRuJtVoWhPa5FtOO8ERs0MfW/QkmQ0vjrAL78otrkxe8w/qjTAgU/T1W/jH5qeZXJHilmOPKNTiEQw==",
			"requires": {
				"debug": "~2.2.0",
				"http-errors": "~1.3.1",
				"ms": "0.7.1",
				"on-headers": "~1.0.0"
			},
			"dependencies": {
				"debug": {
					"version": "2.2.0",
					"resolved": "https://registry.npmjs.org/debug/-/debug-2.2.0.tgz",
					"integrity": "sha512-X0rGvJcskG1c3TgSCPqHJ0XJgwlcvOC7elJ5Y0hYuKBZoVqWpAMfLOeIh2UI/DCQ5ruodIjvsugZtjUYUw2pUw==",
					"requires": {
						"ms": "0.7.1"
					}
				},
				"http-errors": {
					"version": "1.3.1",
					"resolved": "https://registry.npmjs.org/http-errors/-/http-errors-1.3.1.tgz",
					"integrity": "sha512-gMygNskMurDCWfoCdyh1gOeDfSbkAHXqz94QoPj5IHIUjC/BG8/xv7FSEUr7waR5RcAya4j58bft9Wu/wHNeXA==",
					"requires": {
						"inherits": "~2.0.1",
						"statuses": "1"
					}
				},
				"ms": {
					"version": "0.7.1",
					"resolved": "https://registry.npmjs.org/ms/-/ms-0.7.1.tgz",
					"integrity": "sha512-lRLiIR9fSNpnP6TC4v8+4OU7oStC01esuNowdQ34L+Gk8e5Puoc88IqJ+XAY/B3Mn2ZKis8l8HX90oU8ivzUHg=="
				},
				"statuses": {
					"version": "1.5.0",
					"resolved": "https://registry.npmjs.org/statuses/-/statuses-1.5.0.tgz",
					"integrity": "sha512-OpZ3zP+jT1PI7I8nemJX4AKmAX070ZkYPVWV/AaKTJl+tXCTGyVdC1a4SL8RUQYEwk/f34ZX8UTykN68FwrqAA=="
				}
			}
		},
		"content-disposition": {
			"version": "0.5.4",
			"resolved": "https://registry.npmjs.org/content-disposition/-/content-disposition-0.5.4.tgz",
			"integrity": "sha512-FveZTNuGw04cxlAiWbzi6zTAL/lhehaWbTtgluJh4/E95DqMwTmha3KZN1aAWA8cFIhHzMZUvLevkw5Rqk+tSQ==",
			"requires": {
				"safe-buffer": "5.2.1"
			},
			"dependencies": {
				"safe-buffer": {
					"version": "5.2.1",
					"resolved": "https://registry.npmjs.org/safe-buffer/-/safe-buffer-5.2.1.tgz",
					"integrity": "sha512-rp3So07KcdmmKbGvgaNxQSJr7bGVSVk5S9Eq1F+ppbRo70+YeaDxkw5Dd8NPN+GD6bjnYm2VuPuCXmpuYvmCXQ=="
				}
			}
		},
		"content-type": {
			"version": "1.0.4",
			"resolved": "https://registry.npmjs.org/content-type/-/content-type-1.0.4.tgz",
			"integrity": "sha512-hIP3EEPs8tB9AT1L+NUqtwOAps4mk2Zob89MWXMHjHWg9milF/j4osnnQLXBCBFBk/tvIG/tUc9mOUJiPBhPXA=="
		},
		"cookie": {
			"version": "0.1.3",
			"resolved": "https://registry.npmjs.org/cookie/-/cookie-0.1.3.tgz",
			"integrity": "sha512-mWkFhcL+HVG1KjeCjEBVJJ7s4sAGMLiBDFSDs4bzzvgLZt7rW8BhP6XV/8b1+pNvx/skd3yYxPuaF3Z6LlQzyw=="
		},
		"cookie-parser": {
			"version": "1.4.4",
			"resolved": "https://registry.npmjs.org/cookie-parser/-/cookie-parser-1.4.4.tgz",
			"integrity": "sha512-lo13tqF3JEtFO7FyA49CqbhaFkskRJ0u/UAiINgrIXeRCY41c88/zxtrECl8AKH3B0hj9q10+h3Kt8I7KlW4tw==",
			"requires": {
				"cookie": "0.3.1",
				"cookie-signature": "1.0.6"
			},
			"dependencies": {
				"cookie": {
					"version": "0.3.1",
					"resolved": "https://registry.npmjs.org/cookie/-/cookie-0.3.1.tgz",
					"integrity": "sha1-5+Ch+e9DtMi6klxcWpboBtFoc7s="
				},
				"cookie-signature": {
					"version": "1.0.6",
					"resolved": "https://registry.npmjs.org/cookie-signature/-/cookie-signature-1.0.6.tgz",
					"integrity": "sha1-4wOogrNCzD7oylE6eZmXNNqzriw="
				}
			}
		},
		"cookie-signature": {
			"version": "1.0.6",
			"resolved": "https://registry.npmjs.org/cookie-signature/-/cookie-signature-1.0.6.tgz",
			"integrity": "sha512-QADzlaHc8icV8I7vbaJXJwod9HWYp8uCqf1xa4OfNu1T7JVxQIrUgOWtHdNDtPiywmFbiS12VjotIXLrKM3orQ=="
		},
		"core-util-is": {
			"version": "1.0.3",
			"resolved": "https://registry.npmjs.org/core-util-is/-/core-util-is-1.0.3.tgz",
			"integrity": "sha512-ZQBvi1DcpJ4GDqanjucZ2Hj3wEO5pZDS89BWbkcrvdxksJorwUDDZamX9ldFkp9aw2lmBDLgkObEA4DWNJ9FYQ=="
		},
		"crc": {
			"version": "3.3.0",
			"resolved": "https://registry.npmjs.org/crc/-/crc-3.3.0.tgz",
			"integrity": "sha512-QCx3z7FOZbJrapsnewTkh1Hxh6PHV61SRHbx6Q65Uih3y0kfIj+dDGI3uQ4Q1DLKOILyvpZxvJpoKPrxathpCg=="
		},
		"csrf": {
			"version": "3.0.6",
			"resolved": "https://registry.npmjs.org/csrf/-/csrf-3.0.6.tgz",
			"integrity": "sha512-3q1ocniLMgk9nHHEt/I/JsN9IfiGjgp6MHgYNT7+CPmQvi5DF6qzenXnZSH6f9Qaa+4DhmUDJa8SgFZ+OFf9Qg==",
			"requires": {
				"rndm": "1.2.0",
				"tsscmp": "1.0.5",
				"uid-safe": "2.1.4"
			}
		},
		"csurf": {
			"version": "1.8.3",
			"resolved": "https://registry.npmjs.org/csurf/-/csurf-1.8.3.tgz",
			"integrity": "sha512-p2NJ9fGOn5HCaV9jAOBCSjIGMRMrpm9/yDswD0bFi7zQv1ifDufIKI5nem9RmhMsH6jVD6Sx6vs57hnivvkJJw==",
			"requires": {
				"cookie": "0.1.3",
				"cookie-signature": "1.0.6",
				"csrf": "~3.0.0",
				"http-errors": "~1.3.1"
			},
			"dependencies": {
				"http-errors": {
					"version": "1.3.1",
					"resolved": "https://registry.npmjs.org/http-errors/-/http-errors-1.3.1.tgz",
					"integrity": "sha512-gMygNskMurDCWfoCdyh1gOeDfSbkAHXqz94QoPj5IHIUjC/BG8/xv7FSEUr7waR5RcAya4j58bft9Wu/wHNeXA==",
					"requires": {
						"inherits": "~2.0.1",
						"statuses": "1"
					}
				},
				"statuses": {
					"version": "1.5.0",
					"resolved": "https://registry.npmjs.org/statuses/-/statuses-1.5.0.tgz",
					"integrity": "sha512-OpZ3zP+jT1PI7I8nemJX4AKmAX070ZkYPVWV/AaKTJl+tXCTGyVdC1a4SL8RUQYEwk/f34ZX8UTykN68FwrqAA=="
				}
			}
		},
		"debug": {
			"version": "2.6.9",
			"resolved": "https://registry.npmjs.org/debug/-/debug-2.6.9.tgz",
			"integrity": "sha512-bC7ElrdJaJnPbAP+1EotYvqZsb3ecl5wi6Bfi6BJTUcNowp6cvspg0jXznRTKDjm/E7AdgFBVeAPVMNcKGsHMA==",
			"requires": {
				"ms": "2.0.0"
			}
		},
		"depd": {
			"version": "1.1.2",
			"resolved": "https://registry.npmjs.org/depd/-/depd-1.1.2.tgz",
			"integrity": "sha1-m81S4UwJd2PnSbJ0xDRu0uVgtak="
		},
		"destroy": {
			"version": "1.2.0",
			"resolved": "https://registry.npmjs.org/destroy/-/destroy-1.2.0.tgz",
			"integrity": "sha512-2sJGJTaXIIaR1w4iJSNoN0hnMY7Gpc/n8D4qSCJw8QqFWXf7cuAgnEHxBpweaVcPevC2l3KpjYCx3NypQQgaJg=="
		},
		"ee-first": {
			"version": "1.1.1",
			"resolved": "https://registry.npmjs.org/ee-first/-/ee-first-1.1.1.tgz",
			"integrity": "sha1-WQxhFWsK4vTwJVcyoViyZrxWsh0="
		},
		"encodeurl": {
			"version": "1.0.2",
			"resolved": "https://registry.npmjs.org/encodeurl/-/encodeurl-1.0.2.tgz",
			"integrity": "sha512-TPJXq8JqFaVYm2CWmPvnP2Iyo4ZSM7/QKcSmuMLDObfpH5fi7RUGmd/rTDf+rut/saiDiQEeVTNgAmJEdAOx0w=="
		},
		"errorhandler": {
			"version": "1.4.3",
			"resolved": "https://registry.npmjs.org/errorhandler/-/errorhandler-1.4.3.tgz",
			"integrity": "sha512-pp1hk9sZBq4Bj/e/Cl84fJ3cYiQDFZk3prp7jrurUbPGOlY7zA2OubjhhEAWuUb8VNTFIkGwoby7Uq6YpicfvQ==",
			"requires": {
				"accepts": "~1.3.0",
				"escape-html": "~1.0.3"
			},
			"dependencies": {
				"accepts": {
					"version": "1.3.8",
					"resolved": "https://registry.npmjs.org/accepts/-/accepts-1.3.8.tgz",
					"integrity": "sha512-PYAthTa2m2VKxuvSD3DPC/Gy+U+sOA1LAuT8mkmRuvw+NACSaeXEQ+NHcVF7rONl6qcaxV3Uuemwawk+7+SJLw==",
					"requires": {
						"mime-types": "~2.1.34",
						"negotiator": "0.6.3"
					}
				},
				"negotiator": {
					"version": "0.6.3",
					"resolved": "https://registry.npmjs.org/negotiator/-/negotiator-0.6.3.tgz",
					"integrity": "sha512-+EUsqGPLsM+j/zdChZjsnX51g4XrHFOIXwfnCVPGlQk/k5giakcKsuxCObBRu6DSm9opw/O6slWbJdghQM4bBg=="
				}
			}
		},
		"escape-html": {
			"version": "1.0.3",
			"resolved": "https://registry.npmjs.org/escape-html/-/escape-html-1.0.3.tgz",
			"integrity": "sha512-NiSupZ4OeuGwr68lGIeym/ksIZMJodUGOSCZ/FSnTxcrekbvqrgdUxlJOMpijaKZVjAJrWrGs/6Jy8OMuyj9ow=="
		},
		"etag": {
			"version": "1.7.0",
			"resolved": "https://registry.npmjs.org/etag/-/etag-1.7.0.tgz",
			"integrity": "sha512-Mbv5pNpLNPrm1b4rzZlZlfTRpdDr31oiD43N362sIyvSWVNu5Du33EcJGzvEV4YdYLuENB1HzND907cQkFmXNw=="
		},
		"express": {
			"version": "4.18.2",
			"resolved": "https://registry.npmjs.org/express/-/express-4.18.2.tgz",
			"integrity": "sha512-5/PsL6iGPdfQ/lKM1UuielYgv3BUoJfz1aUwU9vHZ+J7gyvwdQXFEBIEIaxeGf0GIcreATNyBExtalisDbuMqQ==",
			"requires": {
				"accepts": "~1.3.8",
				"array-flatten": "1.1.1",
				"body-parser": "1.20.1",
				"content-disposition": "0.5.4",
				"content-type": "~1.0.4",
				"cookie": "0.5.0",
				"cookie-signature": "1.0.6",
				"debug": "2.6.9",
				"depd": "2.0.0",
				"encodeurl": "~1.0.2",
				"escape-html": "~1.0.3",
				"etag": "~1.8.1",
				"finalhandler": "1.2.0",
				"fresh": "0.5.2",
				"http-errors": "2.0.0",
				"merge-descriptors": "1.0.1",
				"methods": "~1.1.2",
				"on-finished": "2.4.1",
				"parseurl": "~1.3.3",
				"path-to-regexp": "0.1.7",
				"proxy-addr": "~2.0.7",
				"qs": "6.11.0",
				"range-parser": "~1.2.1",
				"safe-buffer": "5.2.1",
				"send": "0.18.0",
				"serve-static": "1.15.0",
				"setprototypeof": "1.2.0",
				"statuses": "2.0.1",
				"type-is": "~1.6.18",
				"utils-merge": "1.0.1",
				"vary": "~1.1.2"
			},
			"dependencies": {
				"accepts": {
					"version": "1.3.8",
					"resolved": "https://registry.npmjs.org/accepts/-/accepts-1.3.8.tgz",
					"integrity": "sha512-PYAthTa2m2VKxuvSD3DPC/Gy+U+sOA1LAuT8mkmRuvw+NACSaeXEQ+NHcVF7rONl6qcaxV3Uuemwawk+7+SJLw==",
					"requires": {
						"mime-types": "~2.1.34",
						"negotiator": "0.6.3"
					}
				},
				"cookie": {
					"version": "0.5.0",
					"resolved": "https://registry.npmjs.org/cookie/-/cookie-0.5.0.tgz",
					"integrity": "sha512-YZ3GUyn/o8gfKJlnlX7g7xq4gyO6OSuhGPKaaGssGB2qgDUS0gPgtTvoyZLTt9Ab6dC4hfc9dV5arkvc/OCmrw=="
				},
				"depd": {
					"version": "2.0.0",
					"resolved": "https://registry.npmjs.org/depd/-/depd-2.0.0.tgz",
					"integrity": "sha512-g7nH6P6dyDioJogAAGprGpCtVImJhpPk/roCzdb3fIh61/s/nPsfR6onyMwkCAR/OlC3yBC0lESvUoQEAssIrw=="
				},
				"etag": {
					"version": "1.8.1",
					"resolved": "https://registry.npmjs.org/etag/-/etag-1.8.1.tgz",
					"integrity": "sha512-aIL5Fx7mawVa300al2BnEE4iNvo1qETxLrPI/o05L7z6go7fCw1J6EQmbK4FmJ2AS7kgVF/KEZWufBfdClMcPg=="
				},
				"finalhandler": {
					"version": "1.2.0",
					"resolved": "https://registry.npmjs.org/finalhandler/-/finalhandler-1.2.0.tgz",
					"integrity": "sha512-5uXcUVftlQMFnWC9qu/svkWv3GTd2PfUhK/3PLkYNAe7FbqJMt3515HaxE6eRL74GdsriiwujiawdaB1BpEISg==",
					"requires": {
						"debug": "2.6.9",
						"encodeurl": "~1.0.2",
						"escape-html": "~1.0.3",
						"on-finished": "2.4.1",
						"parseurl": "~1.3.3",
						"statuses": "2.0.1",
						"unpipe": "~1.0.0"
					}
				},
				"fresh": {
					"version": "0.5.2",
					"resolved": "https://registry.npmjs.org/fresh/-/fresh-0.5.2.tgz",
					"integrity": "sha512-zJ2mQYM18rEFOudeV4GShTGIQ7RbzA7ozbU9I/XBpm7kqgMywgmylMwXHxZJmkVoYkna9d2pVXVXPdYTP9ej8Q=="
				},
				"mime": {
					"version": "1.6.0",
					"resolved": "https://registry.npmjs.org/mime/-/mime-1.6.0.tgz",
					"integrity": "sha512-x0Vn8spI+wuJ1O6S7gnbaQg8Pxh4NNHb7KSINmEWKiPE4RKOplvijn+NkmYmmRgP68mc70j2EbeTFRsrswaQeg=="
				},
				"ms": {
					"version": "2.1.3",
					"resolved": "https://registry.npmjs.org/ms/-/ms-2.1.3.tgz",
					"integrity": "sha512-6FlzubTLZG3J2a/NVCAleEhjzq5oxgHyaCU9yYXvcLsvoVaHJq/s5xXI6/XXP6tz7R9xAOtHnSO/tXtF3WRTlA=="
				},
				"negotiator": {
					"version": "0.6.3",
					"resolved": "https://registry.npmjs.org/negotiator/-/negotiator-0.6.3.tgz",
					"integrity": "sha512-+EUsqGPLsM+j/zdChZjsnX51g4XrHFOIXwfnCVPGlQk/k5giakcKsuxCObBRu6DSm9opw/O6slWbJdghQM4bBg=="
				},
				"on-finished": {
					"version": "2.4.1",
					"resolved": "https://registry.npmjs.org/on-finished/-/on-finished-2.4.1.tgz",
					"integrity": "sha512-oVlzkg3ENAhCk2zdv7IJwd/QUD4z2RxRwpkcGY8psCVcCYZNq4wYnVWALHM+brtuJjePWiYF/ClmuDr8Ch5+kg==",
					"requires": {
						"ee-first": "1.1.1"
					}
				},
				"range-parser": {
					"version": "1.2.1",
					"resolved": "https://registry.npmjs.org/range-parser/-/range-parser-1.2.1.tgz",
					"integrity": "sha512-Hrgsx+orqoygnmhFbKaHE6c296J+HTAQXoxEF6gNupROmmGJRoyzfG3ccAveqCBrwr/2yxQ5BVd/GTl5agOwSg=="
				},
				"safe-buffer": {
					"version": "5.2.1",
					"resolved": "https://registry.npmjs.org/safe-buffer/-/safe-buffer-5.2.1.tgz",
					"integrity": "sha512-rp3So07KcdmmKbGvgaNxQSJr7bGVSVk5S9Eq1F+ppbRo70+YeaDxkw5Dd8NPN+GD6bjnYm2VuPuCXmpuYvmCXQ=="
				},
				"send": {
					"version": "0.18.0",
					"resolved": "https://registry.npmjs.org/send/-/send-0.18.0.tgz",
					"integrity": "sha512-qqWzuOjSFOuqPjFe4NOsMLafToQQwBSOEpS+FwEt3A2V3vKubTquT3vmLTQpFgMXp8AlFWFuP1qKaJZOtPpVXg==",
					"requires": {
						"debug": "2.6.9",
						"depd": "2.0.0",
						"destroy": "1.2.0",
						"encodeurl": "~1.0.2",
						"escape-html": "~1.0.3",
						"etag": "~1.8.1",
						"fresh": "0.5.2",
						"http-errors": "2.0.0",
						"mime": "1.6.0",
						"ms": "2.1.3",
						"on-finished": "2.4.1",
						"range-parser": "~1.2.1",
						"statuses": "2.0.1"
					}
				},
				"serve-static": {
					"version": "1.15.0",
					"resolved": "https://registry.npmjs.org/serve-static/-/serve-static-1.15.0.tgz",
					"integrity": "sha512-XGuRDNjXUijsUL0vl6nSD7cwURuzEgglbOaFuZM9g3kwDXOWVTck0jLzjPzGD+TazWbboZYu52/9/XPdUgne9g==",
					"requires": {
						"encodeurl": "~1.0.2",
						"escape-html": "~1.0.3",
						"parseurl": "~1.3.3",
						"send": "0.18.0"
					}
				},
				"utils-merge": {
					"version": "1.0.1",
					"resolved": "https://registry.npmjs.org/utils-merge/-/utils-merge-1.0.1.tgz",
					"integrity": "sha512-pMZTvIkT1d+TFGvDOqodOclx0QWkkgi6Tdoa8gC8ffGAAqz9pzPTZWAybbsHHoED/ztMtkv/VoYTYyShUn81hA=="
				},
				"vary": {
					"version": "1.1.2",
					"resolved": "https://registry.npmjs.org/vary/-/vary-1.1.2.tgz",
					"integrity": "sha512-BNGbWLfd0eUPabhkXUVm0j8uuvREyTh5ovRa/dyow/BqAbZJyC+5fU+IzQOzmAKzYqYRAISoRhdQr3eIZ/PXqg=="
				}
			}
		},
		"express-session": {
			"version": "1.11.3",
			"resolved": "https://registry.npmjs.org/express-session/-/express-session-1.11.3.tgz",
			"integrity": "sha512-QdSbGRRg+JMvlYpancRDFXDmIMqjEdpowriwQc4Kz3mvPwTnOPD/h5FSS21+4z4Isosta+ULmEwL6F3/lylWWg==",
			"requires": {
				"cookie": "0.1.3",
				"cookie-signature": "1.0.6",
				"crc": "3.3.0",
				"debug": "~2.2.0",
				"depd": "~1.0.1",
				"on-headers": "~1.0.0",
				"parseurl": "~1.3.0",
				"uid-safe": "~2.0.0",
				"utils-merge": "1.0.0"
			},
			"dependencies": {
				"debug": {
					"version": "2.2.0",
					"resolved": "https://registry.npmjs.org/debug/-/debug-2.2.0.tgz",
					"integrity": "sha512-X0rGvJcskG1c3TgSCPqHJ0XJgwlcvOC7elJ5Y0hYuKBZoVqWpAMfLOeIh2UI/DCQ5ruodIjvsugZtjUYUw2pUw==",
					"requires": {
						"ms": "0.7.1"
					}
				},
				"depd": {
					"version": "1.0.1",
					"resolved": "https://registry.npmjs.org/depd/-/depd-1.0.1.tgz",
					"integrity": "sha512-OEWAMbCkK9IWQ8pfTvHBhCSqHgR+sk5pbiYqq0FqfARG4Cy+cRsCbITx6wh5pcsmfBPiJAcbd98tfdz5fnBbag=="
				},
				"ms": {
					"version": "0.7.1",
					"resolved": "https://registry.npmjs.org/ms/-/ms-0.7.1.tgz",
					"integrity": "sha512-lRLiIR9fSNpnP6TC4v8+4OU7oStC01esuNowdQ34L+Gk8e5Puoc88IqJ+XAY/B3Mn2ZKis8l8HX90oU8ivzUHg=="
				},
				"uid-safe": {
					"version": "2.0.0",
					"resolved": "https://registry.npmjs.org/uid-safe/-/uid-safe-2.0.0.tgz",
					"integrity": "sha512-PH/12q0a/sEGVS28fZ5evILW2Ayn13PwkYmCleDsIPm39vUIqN58hjyqtUd496kyMY6WkXtaDMDpS8nSCmNKTg==",
					"requires": {
						"base64-url": "1.2.1"
					}
				}
			}
		},
		"finalhandler": {
			"version": "0.4.0",
			"resolved": "https://registry.npmjs.org/finalhandler/-/finalhandler-0.4.0.tgz",
			"integrity": "sha512-jJU2WE88OqUvwAIf/1K2G2fTdKKZ8LvSwYQyFFekDcmBnBmht38enbcmErnA7iNZktcEo/o2JAHYbe1QDOAgaA==",
			"requires": {
				"debug": "~2.2.0",
				"escape-html": "1.0.2",
				"on-finished": "~2.3.0",
				"unpipe": "~1.0.0"
			},
			"dependencies": {
				"debug": {
					"version": "2.2.0",
					"resolved": "https://registry.npmjs.org/debug/-/debug-2.2.0.tgz",
					"integrity": "sha512-X0rGvJcskG1c3TgSCPqHJ0XJgwlcvOC7elJ5Y0hYuKBZoVqWpAMfLOeIh2UI/DCQ5ruodIjvsugZtjUYUw2pUw==",
					"requires": {
						"ms": "0.7.1"
					}
				},
				"escape-html": {
					"version": "1.0.2",
					"resolved": "https://registry.npmjs.org/escape-html/-/escape-html-1.0.2.tgz",
					"integrity": "sha512-J5ahyCRC4liskWVAfkmosNWfG0eHQxI0W+Ko7k3cZaYVMfgt05dwZ68vw6S/TZM1BPvuTv3kq6CRCb7WWtBUVA=="
				},
				"ms": {
					"version": "0.7.1",
					"resolved": "https://registry.npmjs.org/ms/-/ms-0.7.1.tgz",
					"integrity": "sha512-lRLiIR9fSNpnP6TC4v8+4OU7oStC01esuNowdQ34L+Gk8e5Puoc88IqJ+XAY/B3Mn2ZKis8l8HX90oU8ivzUHg=="
				}
			}
		},
		"forwarded": {
			"version": "0.2.0",
			"resolved": "https://registry.npmjs.org/forwarded/-/forwarded-0.2.0.tgz",
			"integrity": "sha512-buRG0fpBtRHSTCOASe6hD258tEubFoRLb4ZNA6NxMVHNw2gOcwHo9wyablzMzOA5z9xA9L1KNjk/Nt6MT9aYow=="
		},
		"fresh": {
			"version": "0.3.0",
			"resolved": "https://registry.npmjs.org/fresh/-/fresh-0.3.0.tgz",
			"integrity": "sha512-akx5WBKAwMSg36qoHTuMMVncHWctlaDGslJASDYAhoLrzDUDCjZlOngNa/iC6lPm9aA0qk8pN5KnpmbJHSIIQQ=="
		},
		"function-bind": {
			"version": "1.1.1",
			"resolved": "https://registry.npmjs.org/function-bind/-/function-bind-1.1.1.tgz",
			"integrity": "sha512-yIovAzMX49sF8Yl58fSCWJ5svSLuaibPxXQJFLmBObTuCr0Mf1KiPopGM9NiFjiYBCbfaa2Fh6breQ6ANVTI0A=="
		},
		"get-intrinsic": {
			"version": "1.1.3",
			"resolved": "https://registry.npmjs.org/get-intrinsic/-/get-intrinsic-1.1.3.tgz",
			"integrity": "sha512-QJVz1Tj7MS099PevUG5jvnt9tSkXN8K14dxQlikJuPt4uD9hHAHjLyLBiLR5zELelBdD9QNRAXZzsJx0WaDL9A==",
			"requires": {
				"function-bind": "^1.1.1",
				"has": "^1.0.3",
				"has-symbols": "^1.0.3"
			}
		},
		"handle": {
			"version": "1.0.0",
			"resolved": "https://registry.npmjs.org/handle/-/handle-1.0.0.tgz",
			"integrity": "sha1-zjLeFWKQVt/aKblNCL9XuVikxwI=",
			"requires": {
				"matches-selector": "1.0.0",
				"promise": "3.2.0"
			}
		},
		"has": {
			"version": "1.0.3",
			"resolved": "https://registry.npmjs.org/has/-/has-1.0.3.tgz",
			"integrity": "sha512-f2dvO0VU6Oej7RkWJGrehjbzMAjFp5/VKPp5tTpWIV4JHHZK1/BxbFRtf/siA2SWTe09caDmVtYYzWEIbBS4zw==",
			"requires": {
				"function-bind": "^1.1.1"
			}
		},
		"has-symbols": {
			"version": "1.0.3",
			"resolved": "https://registry.npmjs.org/has-symbols/-/has-symbols-1.0.3.tgz",
			"integrity": "sha512-l3LCuF6MgDNwTDKkdYGEihYjt5pRPbEg46rtlmnSPlUbgmB8LOIrKJbYYFBSbnPaJexMKtiPO8hmeRjRz2Td+A=="
		},
		"http-errors": {
			"version": "2.0.0",
			"resolved": "https://registry.npmjs.org/http-errors/-/http-errors-2.0.0.tgz",
			"integrity": "sha512-FtwrG/euBzaEjYeRqOgly7G0qviiXoJWnvEH2Z1plBdXgbyjv34pHTSb9zoeHMyDy33+DWy5Wt9Wo+TURtOYSQ==",
			"requires": {
				"depd": "2.0.0",
				"inherits": "2.0.4",
				"setprototypeof": "1.2.0",
				"statuses": "2.0.1",
				"toidentifier": "1.0.1"
			},
			"dependencies": {
				"depd": {
					"version": "2.0.0",
					"resolved": "https://registry.npmjs.org/depd/-/depd-2.0.0.tgz",
					"integrity": "sha512-g7nH6P6dyDioJogAAGprGpCtVImJhpPk/roCzdb3fIh61/s/nPsfR6onyMwkCAR/OlC3yBC0lESvUoQEAssIrw=="
				}
			}
		},
		"iconv-lite": {
			"version": "0.4.24",
			"resolved": "https://registry.npmjs.org/iconv-lite/-/iconv-lite-0.4.24.tgz",
			"integrity": "sha512-v3MXnZAcvnywkTUEZomIActle7RXXeedOR31wwl7VlyoXO4Qi9arvSenNQWne1TcRwhCL1HwLI21bEqdpj8/rA==",
			"requires": {
				"safer-buffer": "2.1.2"
			}
		},
		"inherits": {
			"version": "2.0.4",
			"resolved": "https://registry.npmjs.org/inherits/-/inherits-2.0.4.tgz",
			"integrity": "sha512-k/vGaX4/Yla3WzyMCvTQOXYeIHvqOKtnqBduzTHpzpQZzAskKMhZ2K+EnBiSM9zGSoIFeMpXKxa4dYeZIQqewQ=="
		},
		"ipaddr.js": {
			"version": "1.9.1",
			"resolved": "https://registry.npmjs.org/ipaddr.js/-/ipaddr.js-1.9.1.tgz",
			"integrity": "sha512-0KI/607xoxSToH7GjN1FfSbLoU0+btTicjsQSWQlh/hZykN8KpmMf7uYwPW3R+akZ6R/w18ZlXSHBYXiYUPO3g=="
		},
		"isarray": {
			"version": "0.0.1",
			"resolved": "https://registry.npmjs.org/isarray/-/isarray-0.0.1.tgz",
			"integrity": "sha512-D2S+3GLxWH+uhrNEcoh/fnmYeP8E8/zHl644d/jdA0g2uyXvy3sb0qxotE+ne0LtccHknQzWwZEzhak7oJ0COQ=="
		},
		"json": {
			"version": "9.0.6",
			"resolved": "https://registry.npmjs.org/json/-/json-9.0.6.tgz",
			"integrity": "sha1-eXLCpaSKQmeNsnMMfCxO5uTiRYU="
		},
		"matches-selector": {
			"version": "1.0.0",
			"resolved": "https://registry.npmjs.org/matches-selector/-/matches-selector-1.0.0.tgz",
			"integrity": "sha1-Q0gzRHAmol6kmZ7asY5LiJKyVyE="
		},
		"media-typer": {
			"version": "0.3.0",
			"resolved": "https://registry.npmjs.org/media-typer/-/media-typer-0.3.0.tgz",
			"integrity": "sha512-dq+qelQ9akHpcOl/gUVRTxVIOkAJ1wR3QAvb4RsVjS8oVoFjDGTc679wJYmUmknUF5HwMLOgb5O+a3KxfWapPQ=="
		},
		"merge-descriptors": {
			"version": "1.0.1",
			"resolved": "https://registry.npmjs.org/merge-descriptors/-/merge-descriptors-1.0.1.tgz",
			"integrity": "sha512-cCi6g3/Zr1iqQi6ySbseM1Xvooa98N0w31jzUYrXPX2xqObmFGHJ0tQ5u74H3mVh7wLouTseZyYIq39g8cNp1w=="
		},
		"method-override": {
			"version": "2.3.10",
			"resolved": "https://registry.npmjs.org/method-override/-/method-override-2.3.10.tgz",
			"integrity": "sha512-Ks2/7e+3JuwQcpLybc6wTHyqg13HDjOhLcE+YaAEub9DbSxF+ieMvxUlybmWW9luRMh9Cd0rO9aNtzUT51xfNQ==",
			"requires": {
				"debug": "2.6.9",
				"methods": "~1.1.2",
				"parseurl": "~1.3.2",
				"vary": "~1.1.2"
			},
			"dependencies": {
				"vary": {
					"version": "1.1.2",
					"resolved": "https://registry.npmjs.org/vary/-/vary-1.1.2.tgz",
					"integrity": "sha512-BNGbWLfd0eUPabhkXUVm0j8uuvREyTh5ovRa/dyow/BqAbZJyC+5fU+IzQOzmAKzYqYRAISoRhdQr3eIZ/PXqg=="
				}
			}
		},
		"methods": {
			"version": "1.1.2",
			"resolved": "https://registry.npmjs.org/methods/-/methods-1.1.2.tgz",
			"integrity": "sha512-iclAHeNqNm68zFtnZ0e+1L2yUIdvzNoauKU4WBA3VvH/vPFieF7qfRlwUZU+DA9P9bPXIS90ulxoUoCH23sV2w=="
		},
		"mime": {
			"version": "1.3.4",
			"resolved": "https://registry.npmjs.org/mime/-/mime-1.3.4.tgz",
			"integrity": "sha512-sAaYXszED5ALBt665F0wMQCUXpGuZsGdopoqcHPdL39ZYdi7uHoZlhrfZfhv8WzivhBzr/oXwaj+yiK5wY8MXQ=="
		},
		"mime-db": {
			"version": "1.52.0",
			"resolved": "https://registry.npmjs.org/mime-db/-/mime-db-1.52.0.tgz",
			"integrity": "sha512-sPU4uV7dYlvtWJxwwxHD0PuihVNiE7TyAbQ5SWxDCB9mUYvOgroQOwYQQOKPJ8CIbE+1ETVlOoK1UC2nU3gYvg=="
		},
		"mime-types": {
			"version": "2.1.35",
			"resolved": "https://registry.npmjs.org/mime-types/-/mime-types-2.1.35.tgz",
			"integrity": "sha512-ZDY+bPm5zTTF+YpCrAU9nK0UgICYPT0QtT1NZWFv4s++TNkcgVaT0g6+4R2uI4MjQjzysHB1zxuWL50hzaeXiw==",
			"requires": {
				"mime-db": "1.52.0"
			}
		},
		"morgan": {
			"version": "1.9.1",
			"resolved": "https://registry.npmjs.org/morgan/-/morgan-1.9.1.tgz",
			"integrity": "sha512-HQStPIV4y3afTiCYVxirakhlCfGkI161c76kKFca7Fk1JusM//Qeo1ej2XaMniiNeaZklMVrh3vTtIzpzwbpmA==",
			"requires": {
				"basic-auth": "2.0.1",
				"debug": "2.6.9",
				"depd": "1.1.2",
				"on-finished": "2.3.0",
				"on-headers": "1.0.2"
			}
		},
		"ms": {
			"version": "2.0.0",
			"resolved": "https://registry.npmjs.org/ms/-/ms-2.0.0.tgz",
			"integrity": "sha1-VgiurfwAvmwpAd9fmGF4jeDVl8g="
		},
		"multiparty": {
			"version": "3.3.2",
			"resolved": "https://registry.npmjs.org/multiparty/-/multiparty-3.3.2.tgz",
			"integrity": "sha512-FX6dDOKzDpkrb5/+Imq+V6dmCZNnC02tMDiZfrgHSYgfQj6CVPGzOVqfbHKt/Vy4ZZsmMPXkulyLf92lCyvV7A==",
			"requires": {
				"readable-stream": "~1.1.9",
				"stream-counter": "~0.2.0"
			}
		},
		"negotiator": {
			"version": "0.5.3",
			"resolved": "https://registry.npmjs.org/negotiator/-/negotiator-0.5.3.tgz",
			"integrity": "sha512-oXmnazqehLNFohqgLxRyUdOQU9/UX0NpCpsnbjWUjM62ZM8oSOXYZpHc68XR130ftPNano0oQXGdREAplZRhaQ=="
		},
		"object-inspect": {
			"version": "1.12.2",
			"resolved": "https://registry.npmjs.org/object-inspect/-/object-inspect-1.12.2.tgz",
			"integrity": "sha512-z+cPxW0QGUp0mcqcsgQyLVRDoXFQbXOwBaqyF7VIgI4TWNQsDHrBpUQslRmIfAoYWdYzs6UlKJtB2XJpTaNSpQ=="
		},
		"on-finished": {
			"version": "2.3.0",
			"resolved": "https://registry.npmjs.org/on-finished/-/on-finished-2.3.0.tgz",
			"integrity": "sha1-IPEzZIGwg811M3mSoWlxqi2QaUc=",
			"requires": {
				"ee-first": "1.1.1"
			}
		},
		"on-headers": {
			"version": "1.0.2",
			"resolved": "https://registry.npmjs.org/on-headers/-/on-headers-1.0.2.tgz",
			"integrity": "sha512-pZAE+FJLoyITytdqK0U5s+FIpjN0JP3OzFi/u8Rx+EV5/W+JTWGXG8xFzevE7AjBfDqHv/8vL8qQsIhHnqRkrA=="
		},
		"parseurl": {
			"version": "1.3.3",
			"resolved": "https://registry.npmjs.org/parseurl/-/parseurl-1.3.3.tgz",
			"integrity": "sha512-CiyeOxFT/JZyN5m0z9PfXw4SCBJ6Sygz1Dpl0wqjlhDEGGBP1GnsUVEL0p63hoG1fcj3fHynXi9NYO4nWOL+qQ=="
		},
		"path-to-regexp": {
			"version": "0.1.7",
			"resolved": "https://registry.npmjs.org/path-to-regexp/-/path-to-regexp-0.1.7.tgz",
			"integrity": "sha512-5DFkuoqlv1uYQKxy8omFBeJPQcdoE07Kv2sferDCrAq1ohOU+MSDswDIbnx3YAM60qIOnYa53wBhXW0EbMonrQ=="
		},
		"pause": {
			"version": "0.1.0",
			"resolved": "https://registry.npmjs.org/pause/-/pause-0.1.0.tgz",
			"integrity": "sha512-aeHLgQCtI3tcuYVnrvAeVb4Tkm1za4r3YDv3hMeUxcRxet3dbEhJOdtoMrsT/Q5tY3Oy2A1A9FD5el5tWp2FSg=="
		},
		"promise": {
			"version": "3.2.0",
			"resolved": "https://registry.npmjs.org/promise/-/promise-3.2.0.tgz",
			"integrity": "sha1-tND6KBvNXKnWreVWtp3VlHuau5Q="
		},
		"proxy-addr": {
			"version": "2.0.7",
			"resolved": "https://registry.npmjs.org/proxy-addr/-/proxy-addr-2.0.7.tgz",
			"integrity": "sha512-llQsMLSUDUPT44jdrU/O37qlnifitDP+ZwrmmZcoSKyLKvtZxpyV0n2/bD/N4tBAAZ/gJEdZU7KMraoK1+XYAg==",
			"requires": {
				"forwarded": "0.2.0",
				"ipaddr.js": "1.9.1"
			}
		},
		"python-shell": {
			"version": "1.0.8",
			"resolved": "https://registry.npmjs.org/python-shell/-/python-shell-1.0.8.tgz",
			"integrity": "sha512-jMKagerg3alm6j+Prq5t/M3dTgEppy5vC6ns+LqAjfuHiT8olfK3PMokpqpeEcWEqvDnUcAOhp6SQzaLBtTzRw=="
		},
		"qs": {
			"version": "6.11.0",
			"resolved": "https://registry.npmjs.org/qs/-/qs-6.11.0.tgz",
			"integrity": "sha512-MvjoMCJwEarSbUYk5O+nmoSzSutSsTwF85zcHPQ9OrlFoZOYIjaqBAJIqIXjptyD5vThxGq52Xu/MaJzRkIk4Q==",
			"requires": {
				"side-channel": "^1.0.4"
			}
		},
		"random-bytes": {
			"version": "1.0.0",
			"resolved": "https://registry.npmjs.org/random-bytes/-/random-bytes-1.0.0.tgz",
			"integrity": "sha512-iv7LhNVO047HzYR3InF6pUcUsPQiHTM1Qal51DcGSuZFBil1aBBWG5eHPNek7bvILMaYJ/8RU1e8w1AMdHmLQQ=="
		},
		"range-parser": {
			"version": "1.0.3",
			"resolved": "https://registry.npmjs.org/range-parser/-/range-parser-1.0.3.tgz",
			"integrity": "sha512-nDsRrtIxVUO5opg/A8T2S3ebULVIfuh8ECbh4w3N4mWxIiT3QILDJDUQayPqm2e8Q8NUa0RSUkGCfe33AfjR3Q=="
		},
		"raw-body": {
			"version": "2.5.1",
			"resolved": "https://registry.npmjs.org/raw-body/-/raw-body-2.5.1.tgz",
			"integrity": "sha512-qqJBtEyVgS0ZmPGdCFPWJ3FreoqvG4MVQln/kCgF7Olq95IbOp0/BWyMwbdtn4VTvkM8Y7khCQ2Xgk/tcrCXig==",
			"requires": {
				"bytes": "3.1.2",
				"http-errors": "2.0.0",
				"iconv-lite": "0.4.24",
				"unpipe": "1.0.0"
			}
		},
		"readable-stream": {
			"version": "1.1.14",
			"resolved": "https://registry.npmjs.org/readable-stream/-/readable-stream-1.1.14.tgz",
			"integrity": "sha512-+MeVjFf4L44XUkhM1eYbD8fyEsxcV81pqMSR5gblfcLCHfZvbrqy4/qYHE+/R5HoBUT11WV5O08Cr1n3YXkWVQ==",
			"requires": {
				"core-util-is": "~1.0.0",
				"inherits": "~2.0.1",
				"isarray": "0.0.1",
				"string_decoder": "~0.10.x"
			}
		},
		"response-time": {
			"version": "2.3.2",
			"resolved": "https://registry.npmjs.org/response-time/-/response-time-2.3.2.tgz",
			"integrity": "sha512-MUIDaDQf+CVqflfTdQ5yam+aYCkXj1PY8fjlPDQ6ppxJlmgZb864pHtA750mayywNg8tx4rS7qH9JXd/OF+3gw==",
			"requires": {
				"depd": "~1.1.0",
				"on-headers": "~1.0.1"
			}
		},
		"rndm": {
			"version": "1.2.0",
			"resolved": "https://registry.npmjs.org/rndm/-/rndm-1.2.0.tgz",
			"integrity": "sha512-fJhQQI5tLrQvYIYFpOnFinzv9dwmR7hRnUz1XqP3OJ1jIweTNOd6aTO4jwQSgcBSFUB+/KHJxuGneime+FdzOw=="
		},
		"safe-buffer": {
			"version": "5.1.2",
			"resolved": "https://registry.npmjs.org/safe-buffer/-/safe-buffer-5.1.2.tgz",
			"integrity": "sha512-Gd2UZBJDkXlY7GbJxfsE8/nvKkUEU1G38c1siN6QP6a9PT9MmHB8GnpscSmMJSoF8LOIrt8ud/wPtojys4G6+g=="
		},
		"safer-buffer": {
			"version": "2.1.2",
			"resolved": "https://registry.npmjs.org/safer-buffer/-/safer-buffer-2.1.2.tgz",
			"integrity": "sha512-YZo3K82SD7Riyi0E1EQPojLz7kpepnSQI9IyPbHHg1XXXevb5dJI7tpyN2ADxGcQbHG7vcyRHk0cbwqcQriUtg=="
		},
		"send": {
			"version": "0.13.2",
			"resolved": "https://registry.npmjs.org/send/-/send-0.13.2.tgz",
			"integrity": "sha512-cQ0rmXHrdO2Iof08igV2bG/yXWD106ANwBg6DkGQNT2Vsznbgq6T0oAIQboy1GoFsIuy51jCim26aA9tj3Z3Zg==",
			"requires": {
				"debug": "~2.2.0",
				"depd": "~1.1.0",
				"destroy": "~1.0.4",
				"escape-html": "~1.0.3",
				"etag": "~1.7.0",
				"fresh": "0.3.0",
				"http-errors": "~1.3.1",
				"mime": "1.3.4",
				"ms": "0.7.1",
				"on-finished": "~2.3.0",
				"range-parser": "~1.0.3",
				"statuses": "~1.2.1"
			},
			"dependencies": {
				"debug": {
					"version": "2.2.0",
					"resolved": "https://registry.npmjs.org/debug/-/debug-2.2.0.tgz",
					"integrity": "sha512-X0rGvJcskG1c3TgSCPqHJ0XJgwlcvOC7elJ5Y0hYuKBZoVqWpAMfLOeIh2UI/DCQ5ruodIjvsugZtjUYUw2pUw==",
					"requires": {
						"ms": "0.7.1"
					}
				},
				"destroy": {
					"version": "1.0.4",
					"resolved": "https://registry.npmjs.org/destroy/-/destroy-1.0.4.tgz",
					"integrity": "sha512-3NdhDuEXnfun/z7x9GOElY49LoqVHoGScmOKwmxhsS8N5Y+Z8KyPPDnaSzqWgYt/ji4mqwfTS34Htrk0zPIXVg=="
				},
				"http-errors": {
					"version": "1.3.1",
					"resolved": "https://registry.npmjs.org/http-errors/-/http-errors-1.3.1.tgz",
					"integrity": "sha512-gMygNskMurDCWfoCdyh1gOeDfSbkAHXqz94QoPj5IHIUjC/BG8/xv7FSEUr7waR5RcAya4j58bft9Wu/wHNeXA==",
					"requires": {
						"inherits": "~2.0.1",
						"statuses": "1"
					}
				},
				"ms": {
					"version": "0.7.1",
					"resolved": "https://registry.npmjs.org/ms/-/ms-0.7.1.tgz",
					"integrity": "sha512-lRLiIR9fSNpnP6TC4v8+4OU7oStC01esuNowdQ34L+Gk8e5Puoc88IqJ+XAY/B3Mn2ZKis8l8HX90oU8ivzUHg=="
				},
				"statuses": {
					"version": "1.2.1",
					"resolved": "https://registry.npmjs.org/statuses/-/statuses-1.2.1.tgz",
					"integrity": "sha512-pVEuxHdSGrt8QmQ3LOZXLhSA6MP/iPqKzZeO6Squ7PNGkA/9MBsSfV0/L+bIxkoDmjF4tZcLpcVq/fkqoHvuKg=="
				}
			}
		},
		"serve-favicon": {
			"version": "2.3.2",
			"resolved": "https://registry.npmjs.org/serve-favicon/-/serve-favicon-2.3.2.tgz",
			"integrity": "sha512-oHEaA3ohvKxEWhjP97cQ6QuTTbMBF3AxDyMSvBtvnl1jXaB2Ik6kXE7nUtPM3YVU5VHCDe6n7JZrFCWzQuvXEQ==",
			"requires": {
				"etag": "~1.7.0",
				"fresh": "0.3.0",
				"ms": "0.7.2",
				"parseurl": "~1.3.1"
			},
			"dependencies": {
				"ms": {
					"version": "0.7.2",
					"resolved": "https://registry.npmjs.org/ms/-/ms-0.7.2.tgz",
					"integrity": "sha512-5NnE67nQSQDJHVahPJna1PQ/zCXMnQop3yUCxjKPNzCxuyPSKWTQ/5Gu5CZmjetwGLWRA+PzeF5thlbOdbQldA=="
				}
			}
		},
		"serve-index": {
			"version": "1.7.3",
			"resolved": "https://registry.npmjs.org/serve-index/-/serve-index-1.7.3.tgz",
			"integrity": "sha512-g18EQWY83uFBldFpCyK/a49yxQgIMEMLA6U9f66FiI848mLkMO8EY/xRAZAoCwNFwSUAiArCF3mdjaNXpd3ghw==",
			"requires": {
				"accepts": "~1.2.13",
				"batch": "0.5.3",
				"debug": "~2.2.0",
				"escape-html": "~1.0.3",
				"http-errors": "~1.3.1",
				"mime-types": "~2.1.9",
				"parseurl": "~1.3.1"
			},
			"dependencies": {
				"debug": {
					"version": "2.2.0",
					"resolved": "https://registry.npmjs.org/debug/-/debug-2.2.0.tgz",
					"integrity": "sha512-X0rGvJcskG1c3TgSCPqHJ0XJgwlcvOC7elJ5Y0hYuKBZoVqWpAMfLOeIh2UI/DCQ5ruodIjvsugZtjUYUw2pUw==",
					"requires": {
						"ms": "0.7.1"
					}
				},
				"http-errors": {
					"version": "1.3.1",
					"resolved": "https://registry.npmjs.org/http-errors/-/http-errors-1.3.1.tgz",
					"integrity": "sha512-gMygNskMurDCWfoCdyh1gOeDfSbkAHXqz94QoPj5IHIUjC/BG8/xv7FSEUr7waR5RcAya4j58bft9Wu/wHNeXA==",
					"requires": {
						"inherits": "~2.0.1",
						"statuses": "1"
					}
				},
				"ms": {
					"version": "0.7.1",
					"resolved": "https://registry.npmjs.org/ms/-/ms-0.7.1.tgz",
					"integrity": "sha512-lRLiIR9fSNpnP6TC4v8+4OU7oStC01esuNowdQ34L+Gk8e5Puoc88IqJ+XAY/B3Mn2ZKis8l8HX90oU8ivzUHg=="
				},
				"statuses": {
					"version": "1.5.0",
					"resolved": "https://registry.npmjs.org/statuses/-/statuses-1.5.0.tgz",
					"integrity": "sha512-OpZ3zP+jT1PI7I8nemJX4AKmAX070ZkYPVWV/AaKTJl+tXCTGyVdC1a4SL8RUQYEwk/f34ZX8UTykN68FwrqAA=="
				}
			}
		},
		"serve-static": {
			"version": "1.10.3",
			"resolved": "https://registry.npmjs.org/serve-static/-/serve-static-1.10.3.tgz",
			"integrity": "sha512-ScsFovjz3Db+vGgpofR/U8p8UULEcGV9akqyo8TQ1mMnjcxemE7Y5Muo+dvy3tJLY/doY2v1H61eCBMYGmwfrA==",
			"requires": {
				"escape-html": "~1.0.3",
				"parseurl": "~1.3.1",
				"send": "0.13.2"
			}
		},
		"setprototypeof": {
			"version": "1.2.0",
			"resolved": "https://registry.npmjs.org/setprototypeof/-/setprototypeof-1.2.0.tgz",
			"integrity": "sha512-E5LDX7Wrp85Kil5bhZv46j8jOeboKq5JMmYM3gVGdGH8xFpPWXUMsNrlODCrkoxMEeNi/XZIwuRvY4XNwYMJpw=="
		},
		"side-channel": {
			"version": "1.0.4",
			"resolved": "https://registry.npmjs.org/side-channel/-/side-channel-1.0.4.tgz",
			"integrity": "sha512-q5XPytqFEIKHkGdiMIrY10mvLRvnQh42/+GoBlFW3b2LXLE2xxJpZFdm94we0BaoV3RwJyGqg5wS7epxTv0Zvw==",
			"requires": {
				"call-bind": "^1.0.0",
				"get-intrinsic": "^1.0.2",
				"object-inspect": "^1.9.0"
			}
		},
		"statuses": {
			"version": "2.0.1",
			"resolved": "https://registry.npmjs.org/statuses/-/statuses-2.0.1.tgz",
			"integrity": "sha512-RwNA9Z/7PrK06rYLIzFMlaF+l73iwpzsqRIFgbMLbTcLD6cOao82TaWefPXQvB2fOC4AjuYSEndS7N/mTCbkdQ=="
		},
		"stream-counter": {
			"version": "0.2.0",
			"resolved": "https://registry.npmjs.org/stream-counter/-/stream-counter-0.2.0.tgz",
			"integrity": "sha512-GjA2zKc2iXUUKRcOxXQmhEx0Ev3XHJ6c8yWGqhQjWwhGrqNwSsvq9YlRLgoGtZ5Kx2Ln94IedaqJ5GUG6aBbxA==",
			"requires": {
				"readable-stream": "~1.1.8"
			}
		},
		"string_decoder": {
			"version": "0.10.31",
			"resolved": "https://registry.npmjs.org/string_decoder/-/string_decoder-0.10.31.tgz",
			"integrity": "sha512-ev2QzSzWPYmy9GuqfIVildA4OdcGLeFZQrq5ys6RtiuF+RQQiZWr8TZNyAcuVXyQRYfEO+MsoB/1BuQVhOJuoQ=="
		},
		"toidentifier": {
			"version": "1.0.1",
			"resolved": "https://registry.npmjs.org/toidentifier/-/toidentifier-1.0.1.tgz",
			"integrity": "sha512-o5sSPKEkg/DIQNmH43V0/uerLrpzVedkUh8tGNvaeXpfpuwjKenlSox/2O/BTlZUtEe+JG7s5YhEz608PlAHRA=="
		},
		"tsscmp": {
			"version": "1.0.5",
			"resolved": "https://registry.npmjs.org/tsscmp/-/tsscmp-1.0.5.tgz",
			"integrity": "sha512-aP/vy9xYiYGvtpW4xBkxdoeqbT+nNeo/37cdQk3iSiGz0xKb20XwOgBSqYo1DzEqt1ycPubEfPU3oHgzsRRL3g=="
		},
		"type-is": {
			"version": "1.6.18",
			"resolved": "https://registry.npmjs.org/type-is/-/type-is-1.6.18.tgz",
			"integrity": "sha512-TkRKr9sUTxEH8MdfuCSP7VizJyzRNMjj2J2do2Jr3Kym598JVdEksuzPQCnlFPW4ky9Q+iA+ma9BGm06XQBy8g==",
			"requires": {
				"media-typer": "0.3.0",
				"mime-types": "~2.1.24"
			}
		},
		"uid-safe": {
			"version": "2.1.4",
			"resolved": "https://registry.npmjs.org/uid-safe/-/uid-safe-2.1.4.tgz",
			"integrity": "sha512-MHTGzIDNPv1XhDK0MyKvEroobUhtpMa649/9SIFbTRO2dshLctD3zxOwQw+gQ+Mlp5osfMdUU1sjcO6Fw4rvCA==",
			"requires": {
				"random-bytes": "~1.0.0"
			}
		},
		"unpipe": {
			"version": "1.0.0",
			"resolved": "https://registry.npmjs.org/unpipe/-/unpipe-1.0.0.tgz",
			"integrity": "sha512-pjy2bYhSsufwWlKwPc+l3cN7+wuJlK6uz0YdJEOlQDbl6jo/YlPi4mb8agUkVC8BF7V8NuzeyPNqRksA3hztKQ=="
		},
		"urlencode": {
			"version": "1.1.0",
			"resolved": "https://registry.npmjs.org/urlencode/-/urlencode-1.1.0.tgz",
			"integrity": "sha1-HyuibwE8hfATP3o61v8nMK33y7c=",
			"requires": {
				"iconv-lite": "0.4.24"
			}
		},
		"utils-merge": {
			"version": "1.0.0",
			"resolved": "https://registry.npmjs.org/utils-merge/-/utils-merge-1.0.0.tgz",
			"integrity": "sha512-HwU9SLQEtyo+0uoKXd1nkLqigUWLB+QuNQR4OcmB73eWqksM5ovuqcycks2x043W8XVb75rG1HQ0h93TMXkzQQ=="
		},
		"vary": {
			"version": "1.0.1",
			"resolved": "https://registry.npmjs.org/vary/-/vary-1.0.1.tgz",
			"integrity": "sha512-yNsH+tC0r8quK2tg/yqkXqqaYzeKTkSqQ+8T6xCoWgOi/bU/omMYz+6k+I91JJJDeltJzI7oridTOq6OYkY0Tw=="
		},
		"vhost": {
			"version": "3.0.2",
			"resolved": "https://registry.npmjs.org/vhost/-/vhost-3.0.2.tgz",
			"integrity": "sha512-S3pJdWrpFWrKMboRU4dLYgMrTgoPALsmYwOvyebK2M6X95b9kQrjZy5rwl3uzzpfpENe/XrNYu/2U+e7/bmT5g=="
		}
	}
}
